# @generated by Move, please check-in and do not edit manually.

[move]
version = 3
manifest_digest = "4D94845C5FE084F252F0AB692A169D7F52A4CB5F30A3D6FB63D6FC57DAEF3B56"
deps_digest = "CAFAD8A7CF51067FB4358215BECB86BD100DD64E57C2AC8A7AE7D74B688F5965"
dependencies = [
  { id = "Bridge", name = "Bridge" },
  { id = "MoveStdlib", name = "MoveStdlib" },
  { id = "Sui", name = "Sui" },
  { id = "SuiSystem", name = "SuiSystem" },
  { id = "admin", name = "admin" },
  { id = "issuerregistry", name = "issuerregistry" },
  { id = "rwaasset", name = "rwaasset" },
]

[[move.package]]
id = "Bridge"
source = { git = "https://github.com/MystenLabs/sui.git", rev = "b5633abb4177", subdir = "crates/sui-framework/packages/bridge" }

dependencies = [
  { id = "MoveStdlib", name = "MoveStdlib" },
  { id = "Sui", name = "Sui" },
  { id = "SuiSystem", name = "SuiSystem" },
]

[[move.package]]
id = "MoveStdlib"
source = { git = "https://github.com/MystenLabs/sui.git", rev = "b5633abb4177", subdir = "crates/sui-framework/packages/move-stdlib" }

[[move.package]]
id = "Sui"
source = { git = "https://github.com/MystenLabs/sui.git", rev = "b5633abb4177", subdir = "crates/sui-framework/packages/sui-framework" }

dependencies = [
  { id = "MoveStdlib", name = "MoveStdlib" },
]

[[move.package]]
id = "SuiSystem"
source = { git = "https://github.com/MystenLabs/sui.git", rev = "b5633abb4177", subdir = "crates/sui-framework/packages/sui-system" }

dependencies = [
  { id = "MoveStdlib", name = "MoveStdlib" },
  { id = "Sui", name = "Sui" },
]

[[move.package]]
id = "admin"
source = { local = "../admin" }

dependencies = [
  { id = "Bridge", name = "Bridge" },
  { id = "MoveStdlib", name = "MoveStdlib" },
  { id = "Sui", name = "Sui" },
  { id = "SuiSystem", name = "SuiSystem" },
  { id = "issuerregistry", name = "issuerregistry" },
]

[[move.package]]
id = "issuerregistry"
source = { local = "../issuerregistry" }

dependencies = [
  { id = "Bridge", name = "Bridge" },
  { id = "MoveStdlib", name = "MoveStdlib" },
  { id = "Sui", name = "Sui" },
  { id = "SuiSystem", name = "SuiSystem" },
]

[[move.package]]
id = "rwaasset"
source = { local = "../rwaasset" }

dependencies = [
  { id = "Bridge", name = "Bridge" },
  { id = "MoveStdlib", name = "MoveStdlib" },
  { id = "Sui", name = "Sui" },
  { id = "SuiSystem", name = "SuiSystem" },
  { id = "issuerregistry", name = "issuerregistry" },
]

[move.toolchain-version]
compiler-version = "1.49.1"
edition = "2024.beta"
flavor = "sui"

[env]

[env.testnet]
chain-id = "4c78adac"
original-published-id = "0x113c52ac2155d7f2d98f0b99cf5587e11e38e4c1bfa323213845d4d2269408d5"
latest-published-id = "0x113c52ac2155d7f2d98f0b99cf5587e11e38e4c1bfa323213845d4d2269408d5"
published-version = "1"
